
Microsoft Visual Studio Solution File, Format Version 12.00
# Visual Studio Version 17
VisualStudioVersion = 17.1.32228.430
MinimumVisualStudioVersion = 10.0.40219.1
Project("{FAE04EC0-301F-11D3-BF4B-00C04F79EFBC}") = "el programa del loco", "el programa del loco\el programa del loco.csproj", "{5D1803ED-1908-4FB1-B676-D6FA5FCAB3D1}"
EndProject
Global
	GlobalSection(SolutionConfigurationPlatforms) = preSolution
		Debug|Any CPU = Debug|Any CPU
		Release|Any CPU = Release|Any CPU
	EndGlobalSection
	GlobalSection(ProjectConfigurationPlatforms) = postSolution
		{5D1803ED-1908-4FB1-B676-D6FA5FCAB3D1}.Debug|Any CPU.ActiveCfg = Debug|Any CPU
		{5D1803ED-1908-4FB1-B676-D6FA5FCAB3D1}.Debug|Any CPU.Build.0 = Debug|Any CPU
		{5D1803ED-1908-4FB1-B676-D6FA5FCAB3D1}.Release|Any CPU.ActiveCfg = Release|Any CPU
		{5D1803ED-1908-4FB1-B676-D6FA5FCAB3D1}.Release|Any CPU.Build.0 = Release|Any CPU
	EndGlobalSection
	GlobalSection(SolutionProperties) = preSolution
		HideSolutionNode = FALSE
	EndGlobalSection
	GlobalSection(ExtensibilityGlobals) = postSolution
		SolutionGuid = {85063AE2-4B97-438C-AC96-692DCCB4F35E}
	EndGlobalSection
EndGlobal
